{
  "name": "perltonode",
  "version": "1.0.0",
  "lockfileVersion": 3,
  "requires": true,
  "packages": {
    "": {
      "name": "perltonode",
      "version": "1.0.0",
      "license": "ISC",
      "dependencies": {
        "commander": "^11.0.0",
        "oracledb": "^6.0.3"
      }
    },
    "node_modules/commander": {
      "version": "11.0.0",
      "resolved": "https://registry.npmjs.org/commander/-/commander-11.0.0.tgz",
      "integrity": "sha512-9HMlXtt/BNoYr8ooyjjNRdIilOTkVJXB+GhxMTtOKwk0R4j4lS4NpjuqmRxroBfnfTSHQIHQB7wryHhXarNjmQ==",
      "engines": {
        "node": ">=16"
      }
    },
    "node_modules/oracledb": {
      "version": "6.0.3",
      "resolved": "https://registry.npmjs.org/oracledb/-/oracledb-6.0.3.tgz",
      "integrity": "sha512-szsaTgEcVpmGwi5sCHLXvvpoL5ZJIE69wSOBpclsGO5XX6QMce6KRr+R+t68ihns+8MV4A0J4oeR6efCfxScrg==",
      "hasInstallScript": true,
      "engines": {
        "node": ">=14.6"
      }
    }
  }
}
